
Microsoft Visual Studio Solution File, Format Version 12.00
# Visual Studio Version 16
VisualStudioVersion = 16.0.30711.63
MinimumVisualStudioVersion = 10.0.40219.1
Project("{9A19103F-16F7-4668-BE54-9A1E7A4F7556}") = "AdvancedAnalysisDesign", "AdvancedAnalysisDesign\AdvancedAnalysisDesign.csproj", "{E530D13B-16CB-4BAD-96D7-3C715D5CE624}"
EndProject
Global
	GlobalSection(SolutionConfigurationPlatforms) = preSolution
		Debug|Any CPU = Debug|Any CPU
		Release|Any CPU = Release|Any CPU
	EndGlobalSection
	GlobalSection(ProjectConfigurationPlatforms) = postSolution
		{E530D13B-16CB-4BAD-96D7-3C715D5CE624}.Debug|Any CPU.ActiveCfg = Debug|Any CPU
		{E530D13B-16CB-4BAD-96D7-3C715D5CE624}.Debug|Any CPU.Build.0 = Debug|Any CPU
		{E530D13B-16CB-4BAD-96D7-3C715D5CE624}.Release|Any CPU.ActiveCfg = Release|Any CPU
		{E530D13B-16CB-4BAD-96D7-3C715D5CE624}.Release|Any CPU.Build.0 = Release|Any CPU
	EndGlobalSection
	GlobalSection(SolutionProperties) = preSolution
		HideSolutionNode = FALSE
	EndGlobalSection
	GlobalSection(ExtensibilityGlobals) = postSolution
		SolutionGuid = {130FDFFF-D5E3-4F76-9DA5-223DF85AE68D}
	EndGlobalSection
EndGlobal
